<Solution>
  <Folder Name="/build/">
    <File Path="../build.ps1" />
    <File Path="../build.sh" />
    <File Path="../test.ps1" />
    <File Path="../test.sh" />
  </Folder>
  <Project Path="ManagedDotnetProfiler/ManagedDotnetProfiler.csproj" />
  <Project Path="Silhouette.IL/Silhouette.IL.csproj" Id="8422561b-ad9c-4fe0-b690-b67fd21a633c" />
  <Project Path="Silhouette/Silhouette.csproj" />
  <Project Path="TestApp/TestApp.csproj" />
</Solution>
